
Microsoft Visual Studio Solution File, Format Version 12.00
# Visual Studio Version 16
VisualStudioVersion = 16.0.31205.134
MinimumVisualStudioVersion = 10.0.40219.1
Project("{8BC9CEB8-8B4A-11D0-8D11-00A0C91BC942}") = "Testicd", "Testicd\Testicd.vcxproj", "{61B536DF-B641-4350-A06C-50E6013C6735}"
EndProject
Global
	GlobalSection(SolutionConfigurationPlatforms) = preSolution
		Debug|VisualGDB = Debug|VisualGDB
		Release|VisualGDB = Release|VisualGDB
	EndGlobalSection
	GlobalSection(ProjectConfigurationPlatforms) = postSolution
		{61B536DF-B641-4350-A06C-50E6013C6735}.Debug|VisualGDB.ActiveCfg = Debug|VisualGDB
		{61B536DF-B641-4350-A06C-50E6013C6735}.Debug|VisualGDB.Build.0 = Debug|VisualGDB
		{61B536DF-B641-4350-A06C-50E6013C6735}.Release|VisualGDB.ActiveCfg = Release|VisualGDB
		{61B536DF-B641-4350-A06C-50E6013C6735}.Release|VisualGDB.Build.0 = Release|VisualGDB
	EndGlobalSection
	GlobalSection(SolutionProperties) = preSolution
		HideSolutionNode = FALSE
	EndGlobalSection
	GlobalSection(ExtensibilityGlobals) = postSolution
		SolutionGuid = {5926D4A4-4A13-4E57-B144-C83C3E4EC89F}
	EndGlobalSection
EndGlobal
