
Microsoft Visual Studio Solution File, Format Version 12.00
# Visual Studio Version 16
VisualStudioVersion = 16.0.31424.327
MinimumVisualStudioVersion = 10.0.40219.1
Project("{888888A0-9F3D-457C-B088-3A5042F75D52}") = "Zamxmpp", "Zamxmpp.pyproj", "{069402A9-68C2-43F8-8887-F85889A6E315}"
EndProject
Project("{888888A0-9F3D-457C-B088-3A5042F75D52}") = "ZamRestServer", "..\ZamRestServer\ZamRestServer.pyproj", "{90B59E93-31DC-4853-A79C-5EB0022D0DB0}"
EndProject
Global
	GlobalSection(SolutionConfigurationPlatforms) = preSolution
		Debug|Any CPU = Debug|Any CPU
		Release|Any CPU = Release|Any CPU
	EndGlobalSection
	GlobalSection(ProjectConfigurationPlatforms) = postSolution
		{069402A9-68C2-43F8-8887-F85889A6E315}.Debug|Any CPU.ActiveCfg = Debug|Any CPU
		{069402A9-68C2-43F8-8887-F85889A6E315}.Release|Any CPU.ActiveCfg = Release|Any CPU
		{90B59E93-31DC-4853-A79C-5EB0022D0DB0}.Debug|Any CPU.ActiveCfg = Debug|Any CPU
		{90B59E93-31DC-4853-A79C-5EB0022D0DB0}.Release|Any CPU.ActiveCfg = Release|Any CPU
	EndGlobalSection
	GlobalSection(SolutionProperties) = preSolution
		HideSolutionNode = FALSE
	EndGlobalSection
	GlobalSection(ExtensibilityGlobals) = postSolution
		SolutionGuid = {AEFF79A5-8289-4C15-A3DE-FF13DC424793}
	EndGlobalSection
EndGlobal
