<?xml version="1.0" encoding="utf-8"?>
<Project ToolsVersion="4.0" xmlns="http://schemas.microsoft.com/developer/msbuild/2003">
  <ItemGroup>
    <Filter Include="Source Files">
      <UniqueIdentifier>{4FC737F1-C7A5-4376-A066-2A32D752A2FF}</UniqueIdentifier>
      <Extensions>cpp;c;cc;cxx;def;odl;idl;hpj;bat;asm;asmx</Extensions>
    </Filter>
    <Filter Include="Header Files">
      <UniqueIdentifier>{93995380-89BD-4b04-88EB-625FBE52EBFB}</UniqueIdentifier>
      <Extensions>h;hh;hpp;hxx;hm;inl;inc;xsd</Extensions>
    </Filter>
    <Filter Include="Resource Files">
      <UniqueIdentifier>{67DA6AB6-F800-4c08-8B7A-83BB121AAD01}</UniqueIdentifier>
      <Extensions>rc;ico;cur;bmp;dlg;rc2;rct;bin;rgs;gif;jpg;jpeg;jpe;resx;tiff;tif;png;wav</Extensions>
    </Filter>
  </ItemGroup>
  <ItemGroup>
    <ClCompile Include="test.cpp">
      <Filter>Source Files</Filter>
    </ClCompile>
    <ClCompile Include="Testicd.cpp">
      <Filter>Source Files</Filter>
    </ClCompile>
    <ClCompile Include="ZamDA.cpp">
      <Filter>Source Files</Filter>
    </ClCompile>
    <ClCompile Include="ZamDO.cpp">
      <Filter>Source Files</Filter>
    </ClCompile>
    <ClCompile Include="ZamDS.cpp">
      <Filter>Source Files</Filter>
    </ClCompile>
    <ClCompile Include="ZamFCDA.cpp">
      <Filter>Source Files</Filter>
    </ClCompile>
    <ClCompile Include="ZamIed.cpp">
      <Filter>Source Files</Filter>
    </ClCompile>
    <ClCompile Include="ZamLD.cpp">
      <Filter>Source Files</Filter>
    </ClCompile>
    <ClCompile Include="ZamLN.cpp">
      <Filter>Source Files</Filter>
    </ClCompile>
    <ClCompile Include="ZamLN0.cpp">
      <Filter>Source Files</Filter>
    </ClCompile>
    <ClCompile Include="ZamRC.cpp">
      <Filter>Source Files</Filter>
    </ClCompile>
  </ItemGroup>
  <ItemGroup>
    <ClInclude Include="test.h">
      <Filter>Header Files</Filter>
    </ClInclude>
    <ClInclude Include="ZamBDA.hpp">
      <Filter>Header Files</Filter>
    </ClInclude>
    <ClInclude Include="ZamDA.hpp">
      <Filter>Header Files</Filter>
    </ClInclude>
    <ClInclude Include="ZamDAType.hpp">
      <Filter>Header Files</Filter>
    </ClInclude>
    <ClInclude Include="ZamDO.hpp">
      <Filter>Header Files</Filter>
    </ClInclude>
    <ClInclude Include="ZamDOType.hpp">
      <Filter>Header Files</Filter>
    </ClInclude>
    <ClInclude Include="ZamDS.hpp">
      <Filter>Header Files</Filter>
    </ClInclude>
    <ClInclude Include="ZamEnumType.hpp">
      <Filter>Header Files</Filter>
    </ClInclude>
    <ClInclude Include="ZamEnumVal.hpp">
      <Filter>Header Files</Filter>
    </ClInclude>
    <ClInclude Include="ZamFCDA.hpp">
      <Filter>Header Files</Filter>
    </ClInclude>
    <ClInclude Include="ZamIed.hpp">
      <Filter>Header Files</Filter>
    </ClInclude>
    <ClInclude Include="ZamLD.hpp">
      <Filter>Header Files</Filter>
    </ClInclude>
    <ClInclude Include="ZamLN.hpp">
      <Filter>Header Files</Filter>
    </ClInclude>
    <ClInclude Include="ZamLN0.hpp">
      <Filter>Header Files</Filter>
    </ClInclude>
    <ClInclude Include="ZamLNType.hpp">
      <Filter>Header Files</Filter>
    </ClInclude>
    <ClInclude Include="ZamRC.hpp">
      <Filter>Header Files</Filter>
    </ClInclude>
    <ClInclude Include="ZamSDOType.hpp">
      <Filter>Header Files</Filter>
    </ClInclude>
  </ItemGroup>
</Project>