
Microsoft Visual Studio Solution File, Format Version 12.00
# Visual Studio Version 17
VisualStudioVersion = 17.0.31825.309
MinimumVisualStudioVersion = 10.0.40219.1
Project("{FAE04EC0-301F-11D3-BF4B-00C04F79EFBC}") = "ZamRCB", "ZamRCB\ZamRCB.csproj", "{2A78CDE4-8D82-473B-9BA2-6A5711DE3218}"
EndProject
Project("{FAE04EC0-301F-11D3-BF4B-00C04F79EFBC}") = "IEC61850.NET", "IEC61850forCSharp\IEC61850.NET.csproj", "{C35D624E-5506-4560-8074-1728F1FA1A4D}"
EndProject
Global
	GlobalSection(SolutionConfigurationPlatforms) = preSolution
		Debug|Any CPU = Debug|Any CPU
		Debug|x64 = Debug|x64
		Debug|x86 = Debug|x86
		Release(active)|Any CPU = Release(active)|Any CPU
		Release(active)|x64 = Release(active)|x64
		Release(active)|x86 = Release(active)|x86
		Release|Any CPU = Release|Any CPU
		Release|x64 = Release|x64
		Release|x86 = Release|x86
	EndGlobalSection
	GlobalSection(ProjectConfigurationPlatforms) = postSolution
		{2A78CDE4-8D82-473B-9BA2-6A5711DE3218}.Debug|Any CPU.ActiveCfg = Debug|Any CPU
		{2A78CDE4-8D82-473B-9BA2-6A5711DE3218}.Debug|Any CPU.Build.0 = Debug|Any CPU
		{2A78CDE4-8D82-473B-9BA2-6A5711DE3218}.Debug|x64.ActiveCfg = Debug|Any CPU
		{2A78CDE4-8D82-473B-9BA2-6A5711DE3218}.Debug|x64.Build.0 = Debug|Any CPU
		{2A78CDE4-8D82-473B-9BA2-6A5711DE3218}.Debug|x86.ActiveCfg = Debug|Any CPU
		{2A78CDE4-8D82-473B-9BA2-6A5711DE3218}.Debug|x86.Build.0 = Debug|Any CPU
		{2A78CDE4-8D82-473B-9BA2-6A5711DE3218}.Release(active)|Any CPU.ActiveCfg = Release|Any CPU
		{2A78CDE4-8D82-473B-9BA2-6A5711DE3218}.Release(active)|Any CPU.Build.0 = Release|Any CPU
		{2A78CDE4-8D82-473B-9BA2-6A5711DE3218}.Release(active)|x64.ActiveCfg = Release|Any CPU
		{2A78CDE4-8D82-473B-9BA2-6A5711DE3218}.Release(active)|x64.Build.0 = Release|Any CPU
		{2A78CDE4-8D82-473B-9BA2-6A5711DE3218}.Release(active)|x86.ActiveCfg = Release|Any CPU
		{2A78CDE4-8D82-473B-9BA2-6A5711DE3218}.Release(active)|x86.Build.0 = Release|Any CPU
		{2A78CDE4-8D82-473B-9BA2-6A5711DE3218}.Release|Any CPU.ActiveCfg = Release|Any CPU
		{2A78CDE4-8D82-473B-9BA2-6A5711DE3218}.Release|Any CPU.Build.0 = Release|Any CPU
		{2A78CDE4-8D82-473B-9BA2-6A5711DE3218}.Release|x64.ActiveCfg = Release|Any CPU
		{2A78CDE4-8D82-473B-9BA2-6A5711DE3218}.Release|x64.Build.0 = Release|Any CPU
		{2A78CDE4-8D82-473B-9BA2-6A5711DE3218}.Release|x86.ActiveCfg = Release|Any CPU
		{2A78CDE4-8D82-473B-9BA2-6A5711DE3218}.Release|x86.Build.0 = Release|Any CPU
		{C35D624E-5506-4560-8074-1728F1FA1A4D}.Debug|Any CPU.ActiveCfg = Debug|Any CPU
		{C35D624E-5506-4560-8074-1728F1FA1A4D}.Debug|Any CPU.Build.0 = Debug|Any CPU
		{C35D624E-5506-4560-8074-1728F1FA1A4D}.Debug|x64.ActiveCfg = Debug|Any CPU
		{C35D624E-5506-4560-8074-1728F1FA1A4D}.Debug|x64.Build.0 = Debug|Any CPU
		{C35D624E-5506-4560-8074-1728F1FA1A4D}.Debug|x86.ActiveCfg = Debug|Any CPU
		{C35D624E-5506-4560-8074-1728F1FA1A4D}.Debug|x86.Build.0 = Debug|Any CPU
		{C35D624E-5506-4560-8074-1728F1FA1A4D}.Release(active)|Any CPU.ActiveCfg = Release|Any CPU
		{C35D624E-5506-4560-8074-1728F1FA1A4D}.Release(active)|Any CPU.Build.0 = Release|Any CPU
		{C35D624E-5506-4560-8074-1728F1FA1A4D}.Release(active)|x64.ActiveCfg = Release|Any CPU
		{C35D624E-5506-4560-8074-1728F1FA1A4D}.Release(active)|x64.Build.0 = Release|Any CPU
		{C35D624E-5506-4560-8074-1728F1FA1A4D}.Release(active)|x86.ActiveCfg = Release|Any CPU
		{C35D624E-5506-4560-8074-1728F1FA1A4D}.Release(active)|x86.Build.0 = Release|Any CPU
		{C35D624E-5506-4560-8074-1728F1FA1A4D}.Release|Any CPU.ActiveCfg = Release|Any CPU
		{C35D624E-5506-4560-8074-1728F1FA1A4D}.Release|Any CPU.Build.0 = Release|Any CPU
		{C35D624E-5506-4560-8074-1728F1FA1A4D}.Release|x64.ActiveCfg = Release|Any CPU
		{C35D624E-5506-4560-8074-1728F1FA1A4D}.Release|x64.Build.0 = Release|Any CPU
		{C35D624E-5506-4560-8074-1728F1FA1A4D}.Release|x86.ActiveCfg = Release|Any CPU
		{C35D624E-5506-4560-8074-1728F1FA1A4D}.Release|x86.Build.0 = Release|Any CPU
	EndGlobalSection
	GlobalSection(SolutionProperties) = preSolution
		HideSolutionNode = FALSE
	EndGlobalSection
	GlobalSection(ExtensibilityGlobals) = postSolution
		SolutionGuid = {B11D1B25-D033-4BBF-A3C2-DC0E712B0542}
	EndGlobalSection
EndGlobal
